
Microsoft Visual Studio Solution File, Format Version 12.00
# Visual Studio Version 16
VisualStudioVersion = 16.0.30907.101
MinimumVisualStudioVersion = 10.0.40219.1
Project("{FAE04EC0-301F-11D3-BF4B-00C04F79EFBC}") = "MyList", "MyDictionary\MyList.csproj", "{3BC20CC6-644D-4CB7-B66C-62D0C3ABCCE9}"
EndProject
Global
	GlobalSection(SolutionConfigurationPlatforms) = preSolution
		Debug|Any CPU = Debug|Any CPU
		Release|Any CPU = Release|Any CPU
	EndGlobalSection
	GlobalSection(ProjectConfigurationPlatforms) = postSolution
		{3BC20CC6-644D-4CB7-B66C-62D0C3ABCCE9}.Debug|Any CPU.ActiveCfg = Debug|Any CPU
		{3BC20CC6-644D-4CB7-B66C-62D0C3ABCCE9}.Debug|Any CPU.Build.0 = Debug|Any CPU
		{3BC20CC6-644D-4CB7-B66C-62D0C3ABCCE9}.Release|Any CPU.ActiveCfg = Release|Any CPU
		{3BC20CC6-644D-4CB7-B66C-62D0C3ABCCE9}.Release|Any CPU.Build.0 = Release|Any CPU
	EndGlobalSection
	GlobalSection(SolutionProperties) = preSolution
		HideSolutionNode = FALSE
	EndGlobalSection
	GlobalSection(ExtensibilityGlobals) = postSolution
		SolutionGuid = {FA9F3FE3-B013-4525-AD20-7129A9F453F6}
	EndGlobalSection
EndGlobal
